
Microsoft Visual Studio Solution File, Format Version 12.00
# Visual Studio Version 17
VisualStudioVersion = 17.5.33530.505
MinimumVisualStudioVersion = 10.0.40219.1
Project("{FAE04EC0-301F-11D3-BF4B-00C04F79EFBC}") = "3", "3\3.csproj", "{AD34242D-8E80-4E1C-860D-2F4DFAE15D7B}"
EndProject
Global
	GlobalSection(SolutionConfigurationPlatforms) = preSolution
		Debug|Any CPU = Debug|Any CPU
		Release|Any CPU = Release|Any CPU
	EndGlobalSection
	GlobalSection(ProjectConfigurationPlatforms) = postSolution
		{AD34242D-8E80-4E1C-860D-2F4DFAE15D7B}.Debug|Any CPU.ActiveCfg = Debug|Any CPU
		{AD34242D-8E80-4E1C-860D-2F4DFAE15D7B}.Debug|Any CPU.Build.0 = Debug|Any CPU
		{AD34242D-8E80-4E1C-860D-2F4DFAE15D7B}.Release|Any CPU.ActiveCfg = Release|Any CPU
		{AD34242D-8E80-4E1C-860D-2F4DFAE15D7B}.Release|Any CPU.Build.0 = Release|Any CPU
	EndGlobalSection
	GlobalSection(SolutionProperties) = preSolution
		HideSolutionNode = FALSE
	EndGlobalSection
	GlobalSection(ExtensibilityGlobals) = postSolution
		SolutionGuid = {62450E0B-0188-4869-AA16-677A91CA0753}
	EndGlobalSection
EndGlobal
